<?xml version="1.0" encoding="utf-8"?>
<Project ToolsVersion="4.0" xmlns="http://schemas.microsoft.com/developer/msbuild/2003">
  <ItemGroup>
    <Filter Include="Source Files">
      <UniqueIdentifier>{4FC737F1-C7A5-4376-A066-2A32D752A2FF}</UniqueIdentifier>
      <Extensions>cpp;c;cc;cxx;c++;cppm;ixx;def;odl;idl;hpj;bat;asm;asmx</Extensions>
    </Filter>
    <Filter Include="Header Files">
      <UniqueIdentifier>{93995380-89BD-4b04-88EB-625FBE52EBFB}</UniqueIdentifier>
      <Extensions>h;hh;hpp;hxx;h++;hm;inl;inc;ipp;xsd</Extensions>
    </Filter>
    <Filter Include="Resource Files">
      <UniqueIdentifier>{67DA6AB6-F800-4c08-8B7A-83BB121AAD01}</UniqueIdentifier>
      <Extensions>rc;ico;cur;bmp;dlg;rc2;rct;bin;rgs;gif;jpg;jpeg;jpe;resx;tiff;tif;png;wav;mfcribbon-ms</Extensions>
    </Filter>
    <Filter Include="Source Files\Objects">
      <UniqueIdentifier>{6176221e-b163-4ab2-852e-4283f8c09dc7}</UniqueIdentifier>
    </Filter>
    <Filter Include="Source Files\Menu">
      <UniqueIdentifier>{6a2bad05-fb45-4be7-9f9e-e718b926e3d8}</UniqueIdentifier>
    </Filter>
    <Filter Include="Source Files\Display">
      <UniqueIdentifier>{25a55e38-bbad-4e20-8db8-f7df5281bd4c}</UniqueIdentifier>
    </Filter>
    <Filter Include="Source Files\Events">
      <UniqueIdentifier>{04913f4a-dcb5-47e0-aac1-a8d18a7c92d5}</UniqueIdentifier>
    </Filter>
    <Filter Include="Source Files\Game">
      <UniqueIdentifier>{f6fa64e1-499d-4938-89bf-7d58d96cc464}</UniqueIdentifier>
    </Filter>
    <Filter Include="Source Files\Input">
      <UniqueIdentifier>{05ebab53-70c6-4ee5-af26-da42081337b1}</UniqueIdentifier>
    </Filter>
  </ItemGroup>
  <ItemGroup>
    <ClCompile Include="..\Objects\Ball.cpp">
      <Filter>Source Files\Objects</Filter>
    </ClCompile>
    <ClCompile Include="..\Objects\ComputerRacket.cpp">
      <Filter>Source Files\Objects</Filter>
    </ClCompile>
    <ClCompile Include="..\Objects\Object.cpp">
      <Filter>Source Files\Objects</Filter>
    </ClCompile>
    <ClCompile Include="..\Objects\PlayerRacket.cpp">
      <Filter>Source Files\Objects</Filter>
    </ClCompile>
    <ClCompile Include="..\Objects\Racket.cpp">
      <Filter>Source Files\Objects</Filter>
    </ClCompile>
    <ClCompile Include="..\Display\Display.cpp">
      <Filter>Source Files\Display</Filter>
    </ClCompile>
    <ClCompile Include="..\Menu\Menu.cpp">
      <Filter>Source Files\Menu</Filter>
    </ClCompile>
    <ClCompile Include="..\Events\EventGenerator.cpp">
      <Filter>Source Files\Events</Filter>
    </ClCompile>
    <ClCompile Include="..\Game\Game.cpp">
      <Filter>Source Files\Game</Filter>
    </ClCompile>
    <ClCompile Include="..\Input\Input.cpp">
      <Filter>Source Files\Input</Filter>
    </ClCompile>
    <ClCompile Include="..\Input\InputListener.cpp">
      <Filter>Source Files\Input</Filter>
    </ClCompile>
    <ClCompile Include="..\Input\KeyboardInput.cpp">
      <Filter>Source Files\Input</Filter>
    </ClCompile>
    <ClCompile Include="..\Game\Main.cpp">
      <Filter>Source Files</Filter>
    </ClCompile>
  </ItemGroup>
  <ItemGroup>
    <ClInclude Include="..\Objects\Ball.h">
      <Filter>Source Files\Objects</Filter>
    </ClInclude>
    <ClInclude Include="..\Objects\ComputerRacket.h">
      <Filter>Source Files\Objects</Filter>
    </ClInclude>
    <ClInclude Include="..\Objects\Object.h">
      <Filter>Source Files\Objects</Filter>
    </ClInclude>
    <ClInclude Include="..\Objects\PlayerRacket.h">
      <Filter>Source Files\Objects</Filter>
    </ClInclude>
    <ClInclude Include="..\Objects\Racket.h">
      <Filter>Source Files\Objects</Filter>
    </ClInclude>
    <ClInclude Include="..\Display\Color.h">
      <Filter>Source Files\Display</Filter>
    </ClInclude>
    <ClInclude Include="..\Display\Display.h">
      <Filter>Source Files\Display</Filter>
    </ClInclude>
    <ClInclude Include="..\Menu\Menu.h">
      <Filter>Source Files\Menu</Filter>
    </ClInclude>
    <ClInclude Include="..\Events\Event.h">
      <Filter>Source Files\Events</Filter>
    </ClInclude>
    <ClInclude Include="..\Events\EventGenerator.h">
      <Filter>Source Files\Events</Filter>
    </ClInclude>
    <ClInclude Include="..\Events\EventListener.h">
      <Filter>Source Files\Events</Filter>
    </ClInclude>
    <ClInclude Include="..\Game\Game.h">
      <Filter>Source Files\Game</Filter>
    </ClInclude>
    <ClInclude Include="..\Input\Input.h">
      <Filter>Source Files\Input</Filter>
    </ClInclude>
    <ClInclude Include="..\Input\InputListener.h">
      <Filter>Source Files\Input</Filter>
    </ClInclude>
    <ClInclude Include="..\Input\Key.h">
      <Filter>Source Files\Input</Filter>
    </ClInclude>
    <ClInclude Include="..\Input\KeyboardInput.h">
      <Filter>Source Files\Input</Filter>
    </ClInclude>
  </ItemGroup>
</Project>